
Microsoft Visual Studio Solution File, Format Version 12.00
# Visual Studio Version 17
VisualStudioVersion = 17.5.002.0
MinimumVisualStudioVersion = 10.0.40219.1
Project("{9A19103F-16F7-4668-BE54-9A1E7A4F7556}") = "kyh-docker", "kyh-docker.csproj", "{790A377F-54D2-407D-A909-2D8DC2FE85A3}"
EndProject
Global
	GlobalSection(SolutionConfigurationPlatforms) = preSolution
		Debug|Any CPU = Debug|Any CPU
		Release|Any CPU = Release|Any CPU
	EndGlobalSection
	GlobalSection(ProjectConfigurationPlatforms) = postSolution
		{790A377F-54D2-407D-A909-2D8DC2FE85A3}.Debug|Any CPU.ActiveCfg = Debug|Any CPU
		{790A377F-54D2-407D-A909-2D8DC2FE85A3}.Debug|Any CPU.Build.0 = Debug|Any CPU
		{790A377F-54D2-407D-A909-2D8DC2FE85A3}.Release|Any CPU.ActiveCfg = Release|Any CPU
		{790A377F-54D2-407D-A909-2D8DC2FE85A3}.Release|Any CPU.Build.0 = Release|Any CPU
	EndGlobalSection
	GlobalSection(SolutionProperties) = preSolution
		HideSolutionNode = FALSE
	EndGlobalSection
	GlobalSection(ExtensibilityGlobals) = postSolution
		SolutionGuid = {4E4EC22B-EA23-4AF2-B7AB-5C041A63F72A}
	EndGlobalSection
EndGlobal
